<?xml version="1.0" encoding="utf-8"?>
<Project ToolsVersion="4.0" xmlns="http://schemas.microsoft.com/developer/msbuild/2003">
  <ItemGroup>
    <Filter Include="源文件">
      <UniqueIdentifier>{4FC737F1-C7A5-4376-A066-2A32D752A2FF}</UniqueIdentifier>
      <Extensions>cpp;c;cc;cxx;c++;cppm;ixx;def;odl;idl;hpj;bat;asm;asmx</Extensions>
    </Filter>
    <Filter Include="头文件">
      <UniqueIdentifier>{93995380-89BD-4b04-88EB-625FBE52EBFB}</UniqueIdentifier>
      <Extensions>h;hh;hpp;hxx;h++;hm;inl;inc;ipp;xsd</Extensions>
    </Filter>
    <Filter Include="资源文件">
      <UniqueIdentifier>{67DA6AB6-F800-4c08-8B7A-83BB121AAD01}</UniqueIdentifier>
      <Extensions>rc;ico;cur;bmp;dlg;rc2;rct;bin;rgs;gif;jpg;jpeg;jpe;resx;tiff;tif;png;wav;mfcribbon-ms</Extensions>
    </Filter>
    <Filter Include="源文件\res">
      <UniqueIdentifier>{f1778188-fab4-4f0e-bcd4-c47aa4466aab}</UniqueIdentifier>
    </Filter>
    <Filter Include="源文件\res\Shader">
      <UniqueIdentifier>{92aa778f-061b-41a1-8727-6985c41a407b}</UniqueIdentifier>
    </Filter>
    <Filter Include="源文件\res\Texture">
      <UniqueIdentifier>{86a854cb-7644-41c5-a3a1-8528eb60c8c6}</UniqueIdentifier>
    </Filter>
  </ItemGroup>
  <ItemGroup>
    <ClCompile Include="glad.c">
      <Filter>源文件</Filter>
    </ClCompile>
    <ClCompile Include="triangle.cpp">
      <Filter>源文件</Filter>
    </ClCompile>
    <ClCompile Include="shader.cpp">
      <Filter>源文件</Filter>
    </ClCompile>
    <ClCompile Include="Application.cpp">
      <Filter>源文件</Filter>
    </ClCompile>
    <ClCompile Include="main\Breakout\Source\game.cpp">
      <Filter>源文件</Filter>
    </ClCompile>
    <ClCompile Include="main\Breakout\Source\shader.cpp">
      <Filter>源文件</Filter>
    </ClCompile>
    <ClCompile Include="main\Breakout\Source\texture.cpp">
      <Filter>源文件</Filter>
    </ClCompile>
    <ClCompile Include="main\Breakout\Source\resource_manager.cpp">
      <Filter>源文件</Filter>
    </ClCompile>
    <ClCompile Include="main\Breakout\Source\sprite_renderer.cpp">
      <Filter>源文件</Filter>
    </ClCompile>
    <ClCompile Include="main\Breakout\Source\game_object.cpp">
      <Filter>源文件</Filter>
    </ClCompile>
    <ClCompile Include="main\Breakout\Source\game_level.cpp">
      <Filter>源文件</Filter>
    </ClCompile>
    <ClCompile Include="main\Breakout\Source\ball object.cpp">
      <Filter>源文件</Filter>
    </ClCompile>
    <ClCompile Include="main\Breakout\Source\particle_generator.cpp">
      <Filter>源文件</Filter>
    </ClCompile>
    <ClCompile Include="main\Breakout\Source\post_processor.cpp">
      <Filter>源文件</Filter>
    </ClCompile>
    <ClCompile Include="main\Light\color.cpp">
      <Filter>源文件</Filter>
    </ClCompile>
  </ItemGroup>
  <ItemGroup>
    <None Include="Shaders\Basic.shader">
      <Filter>源文件\res\Shader</Filter>
    </None>
    <None Include=".gitignore" />
    <None Include="README.md" />
    <None Include="Shaders\fragment.shader">
      <Filter>源文件</Filter>
    </None>
    <None Include="Shaders\vertex.shader">
      <Filter>源文件</Filter>
    </None>
    <None Include="Shaders\transformVertex.shader" />
    <None Include="Shaders\transformFragment.shader" />
    <None Include="main\Breakout\Shaders\vertex.shader" />
    <None Include="main\Breakout\Shaders\fragment.shader" />
    <None Include="levels\one.lvl" />
    <None Include="levels\two.lvl" />
    <None Include="levels\three.lvl" />
    <None Include="levels\four.lvl" />
    <None Include="main\Breakout\Shaders\particleVertex.shader" />
    <None Include="main\Breakout\Shaders\particleFragment.shader" />
    <None Include="main\Breakout\Shaders\shakeVertex.shader" />
    <None Include="main\Breakout\Shaders\shakeFragment.shader" />
    <None Include="Shaders\colorVertex.shader" />
    <None Include="Shaders\colorFragment.shader" />
    <None Include="Shaders\lightCubeVertex.shader" />
    <None Include="Shaders\lightCubeFragment.shader" />
  </ItemGroup>
  <ItemGroup>
    <ClInclude Include="Headers\shader.h">
      <Filter>头文件</Filter>
    </ClInclude>
    <ClInclude Include="Headers\test.h">
      <Filter>头文件</Filter>
    </ClInclude>
    <ClInclude Include="Headers\resource.h">
      <Filter>头文件</Filter>
    </ClInclude>
    <ClInclude Include="main\Breakout\Headers\game.h">
      <Filter>头文件</Filter>
    </ClInclude>
    <ClInclude Include="main\Breakout\Headers\resource_manager.h">
      <Filter>头文件</Filter>
    </ClInclude>
    <ClInclude Include="main\Breakout\Headers\texture.h">
      <Filter>头文件</Filter>
    </ClInclude>
    <ClInclude Include="main\Breakout\Headers\shader.h">
      <Filter>头文件</Filter>
    </ClInclude>
    <ClInclude Include="main\Breakout\Headers\sprite_renderer.h">
      <Filter>头文件</Filter>
    </ClInclude>
    <ClInclude Include="main\Breakout\Headers\game_object.h">
      <Filter>头文件</Filter>
    </ClInclude>
    <ClInclude Include="main\Breakout\Headers\game_level.h">
      <Filter>头文件</Filter>
    </ClInclude>
    <ClInclude Include="main\Breakout\Headers\ball_object.h">
      <Filter>头文件</Filter>
    </ClInclude>
    <ClInclude Include="main\Breakout\Headers\particle_generator.h">
      <Filter>头文件</Filter>
    </ClInclude>
    <ClInclude Include="main\Breakout\Headers\post_processor.h">
      <Filter>头文件</Filter>
    </ClInclude>
    <ClInclude Include="Headers\camera.h">
      <Filter>头文件</Filter>
    </ClInclude>
  </ItemGroup>
  <ItemGroup>
    <Image Include="Texture\wall.jpg">
      <Filter>资源文件</Filter>
    </Image>
    <Image Include="Texture\container.jpg">
      <Filter>资源文件</Filter>
    </Image>
    <Image Include="Texture\awesomeface.png">
      <Filter>资源文件</Filter>
    </Image>
    <Image Include="..\..\..\计算机图形学\OpenGL\Texture\Texture纹理\block.png">
      <Filter>资源文件</Filter>
    </Image>
    <Image Include="..\..\..\计算机图形学\OpenGL\Texture\Texture纹理\block_solid.png">
      <Filter>资源文件</Filter>
    </Image>
    <Image Include="Texture\background.jpg">
      <Filter>资源文件</Filter>
    </Image>
    <Image Include="Texture\block.png">
      <Filter>资源文件</Filter>
    </Image>
    <Image Include="Texture\block_solid.png">
      <Filter>资源文件</Filter>
    </Image>
    <Image Include="Texture\paddle.png">
      <Filter>资源文件</Filter>
    </Image>
    <Image Include="Texture\particle.png">
      <Filter>资源文件</Filter>
    </Image>
  </ItemGroup>
</Project>