<?xml version="1.0" encoding="utf-8"?>
<Project ToolsVersion="4.0" xmlns="http://schemas.microsoft.com/developer/msbuild/2003">
  <ItemGroup>
    <Filter Include="源文件">
      <UniqueIdentifier>{4FC737F1-C7A5-4376-A066-2A32D752A2FF}</UniqueIdentifier>
      <Extensions>cpp;c;cc;cxx;c++;cppm;ixx;def;odl;idl;hpj;bat;asm;asmx</Extensions>
    </Filter>
    <Filter Include="头文件">
      <UniqueIdentifier>{93995380-89BD-4b04-88EB-625FBE52EBFB}</UniqueIdentifier>
      <Extensions>h;hh;hpp;hxx;h++;hm;inl;inc;ipp;xsd</Extensions>
    </Filter>
    <Filter Include="资源文件">
      <UniqueIdentifier>{67DA6AB6-F800-4c08-8B7A-83BB121AAD01}</UniqueIdentifier>
      <Extensions>rc;ico;cur;bmp;dlg;rc2;rct;bin;rgs;gif;jpg;jpeg;jpe;resx;tiff;tif;png;wav;mfcribbon-ms</Extensions>
    </Filter>
    <Filter Include="源文件\res">
      <UniqueIdentifier>{f1778188-fab4-4f0e-bcd4-c47aa4466aab}</UniqueIdentifier>
    </Filter>
    <Filter Include="源文件\res\Shader">
      <UniqueIdentifier>{92aa778f-061b-41a1-8727-6985c41a407b}</UniqueIdentifier>
    </Filter>
    <Filter Include="源文件\res\Texture">
      <UniqueIdentifier>{86a854cb-7644-41c5-a3a1-8528eb60c8c6}</UniqueIdentifier>
    </Filter>
  </ItemGroup>
  <ItemGroup>
    <ClCompile Include="glad.c">
      <Filter>源文件</Filter>
    </ClCompile>
    <ClCompile Include="triangle.cpp">
      <Filter>源文件</Filter>
    </ClCompile>
    <ClCompile Include="shader.cpp">
      <Filter>源文件</Filter>
    </ClCompile>
    <ClCompile Include="Application.cpp">
      <Filter>源文件</Filter>
    </ClCompile>
    <ClCompile Include="main\transform.cpp">
      <Filter>源文件</Filter>
    </ClCompile>
  </ItemGroup>
  <ItemGroup>
    <None Include="Basic.shader">
      <Filter>源文件\res\Shader</Filter>
    </None>
    <None Include=".gitignore" />
    <None Include="README.md" />
    <None Include="fragment.shader">
      <Filter>源文件</Filter>
    </None>
    <None Include="vertex.shader">
      <Filter>源文件</Filter>
    </None>
    <None Include="Shaders\transformVertex.shader" />
    <None Include="Shaders\transformFragment.shader" />
  </ItemGroup>
  <ItemGroup>
    <ClInclude Include="shader.h">
      <Filter>头文件</Filter>
    </ClInclude>
    <ClInclude Include="test.h">
      <Filter>头文件</Filter>
    </ClInclude>
    <ClInclude Include="resource.h">
      <Filter>头文件</Filter>
    </ClInclude>
  </ItemGroup>
  <ItemGroup>
    <Image Include="..\..\..\计算机图形学\OpenGL\Texture\Texture纹理\container.jpg">
      <Filter>源文件</Filter>
    </Image>
    <Image Include="Texture\wall.jpg">
      <Filter>资源文件</Filter>
    </Image>
    <Image Include="Texture\container.jpg">
      <Filter>资源文件</Filter>
    </Image>
    <Image Include="..\..\..\计算机图形学\OpenGL\Texture\Texture纹理\awesomeface.png">
      <Filter>资源文件</Filter>
    </Image>
    <Image Include="Texture\awesomeface.png">
      <Filter>资源文件</Filter>
    </Image>
  </ItemGroup>
</Project>